<Solution>
  <Folder Name="/Solution Items/">
    <File Path=".editorconfig" />
  </Folder>
  <Project Path="OpLabNetWrapper.Console/OpLabNetWrapper.Console.csproj" />
  <Project Path="OpLabNetWrapper.Tests/OpLabNetWrapper.Tests.csproj" />
  <Project Path="OpLabNetWrapper/OpLabNetWrapper.csproj" />
</Solution>
